
Microsoft Visual Studio Solution File, Format Version 12.00
# Visual Studio Version 17
VisualStudioVersion = 17.9.34902.65
MinimumVisualStudioVersion = 10.0.40219.1
Project("{FAE04EC0-301F-11D3-BF4B-00C04F79EFBC}") = "matrica", "matrica\matrica.csproj", "{B7C5A3F4-3D81-4275-B5D5-B6DA235D7EEC}"
EndProject
Global
	GlobalSection(SolutionConfigurationPlatforms) = preSolution
		Debug|Any CPU = Debug|Any CPU
		Release|Any CPU = Release|Any CPU
	EndGlobalSection
	GlobalSection(ProjectConfigurationPlatforms) = postSolution
		{B7C5A3F4-3D81-4275-B5D5-B6DA235D7EEC}.Debug|Any CPU.ActiveCfg = Debug|Any CPU
		{B7C5A3F4-3D81-4275-B5D5-B6DA235D7EEC}.Debug|Any CPU.Build.0 = Debug|Any CPU
		{B7C5A3F4-3D81-4275-B5D5-B6DA235D7EEC}.Release|Any CPU.ActiveCfg = Release|Any CPU
		{B7C5A3F4-3D81-4275-B5D5-B6DA235D7EEC}.Release|Any CPU.Build.0 = Release|Any CPU
	EndGlobalSection
	GlobalSection(SolutionProperties) = preSolution
		HideSolutionNode = FALSE
	EndGlobalSection
	GlobalSection(ExtensibilityGlobals) = postSolution
		SolutionGuid = {2EB51D6B-0B96-468D-A773-E6B413ED9991}
	EndGlobalSection
EndGlobal
